// !$*UTF8*$!
{
	archiveVersion = 1;
	classes = {
	};
	objectVersion = 46;
	objects = {

/* Begin PBXBuildFile section */
		4228E9901F43B4FA00E6C595 /* AppDelegate.swift in Sources */ = {isa = PBXBuildFile; fileRef = 4228E98F1F43B4FA00E6C595 /* AppDelegate.swift */; };
		4228E9921F43B4FA00E6C595 /* ViewController.swift in Sources */ = {isa = PBXBuildFile; fileRef = 4228E9911F43B4FA00E6C595 /* ViewController.swift */; };
		4228E9951F43B4FA00E6C595 /* Main.storyboard in Resources */ = {isa = PBXBuildFile; fileRef = 4228E9931F43B4FA00E6C595 /* Main.storyboard */; };
		4228E9971F43B4FA00E6C595 /* Assets.xcassets in Resources */ = {isa = PBXBuildFile; fileRef = 4228E9961F43B4FA00E6C595 /* Assets.xcassets */; };
		4228E99A1F43B4FA00E6C595 /* LaunchScreen.storyboard in Resources */ = {isa = PBXBuildFile; fileRef = 4228E9981F43B4FA00E6C595 /* LaunchScreen.storyboard */; };
		4228E9A51F43B4FA00E6C595 /* PageControlappTests.swift in Sources */ = {isa = PBXBuildFile; fileRef = 4228E9A41F43B4FA00E6C595 /* PageControlappTests.swift */; };
		4228E9B01F43B4FA00E6C595 /* PageControlappUITests.swift in Sources */ = {isa = PBXBuildFile; fileRef = 4228E9AF1F43B4FA00E6C595 /* PageControlappUITests.swift */; };
/* End PBXBuildFile section */

/* Begin PBXContainerItemProxy section */
		4228E9A11F43B4FA00E6C595 /* PBXContainerItemProxy */ = {
			isa = PBXContainerItemProxy;
			containerPortal = 4228E9841F43B4FA00E6C595 /* Project object */;
			proxyType = 1;
			remoteGlobalIDString = 4228E98B1F43B4FA00E6C595;
			remoteInfo = PageControlapp;
		};
		4228E9AC1F43B4FA00E6C595 /* PBXContainerItemProxy */ = {
			isa = PBXContainerItemProxy;
			containerPortal = 4228E9841F43B4FA00E6C595 /* Project object */;
			proxyType = 1;
			remoteGlobalIDString = 4228E98B1F43B4FA00E6C595;
			remoteInfo = PageControlapp;
		};
/* End PBXContainerItemProxy section */

/* Begin PBXFileReference section */
		4228E98C1F43B4FA00E6C595 /* PageControlapp.app */ = {isa = PBXFileReference; explicitFileType = wrapper.application; includeInIndex = 0; path = PageControlapp.app; sourceTree = BUILT_PRODUCTS_DIR; };
		4228E98F1F43B4FA00E6C595 /* AppDelegate.swift */ = {isa = PBXFileReference; lastKnownFileType = sourcecode.swift; path = AppDelegate.swift; sourceTree = "<group>"; };
		4228E9911F43B4FA00E6C595 /* ViewController.swift */ = {isa = PBXFileReference; lastKnownFileType = sourcecode.swift; path = ViewController.swift; sourceTree = "<group>"; };
		4228E9941F43B4FA00E6C595 /* Base */ = {isa = PBXFileReference; lastKnownFileType = file.storyboard; name = Base; path = Base.lproj/Main.storyboard; sourceTree = "<group>"; };
		4228E9961F43B4FA00E6C595 /* Assets.xcassets */ = {isa = PBXFileReference; lastKnownFileType = folder.assetcatalog; path = Assets.xcassets; sourceTree = "<group>"; };
		4228E9991F43B4FA00E6C595 /* Base */ = {isa = PBXFileReference; lastKnownFileType = file.storyboard; name = Base; path = Base.lproj/LaunchScreen.storyboard; sourceTree = "<group>"; };
		4228E99B1F43B4FA00E6C595 /* Info.plist */ = {isa = PBXFileReference; lastKnownFileType = text.plist.xml; path = Info.plist; sourceTree = "<group>"; };
		4228E9A01F43B4FA00E6C595 /* PageControlappTests.xctest */ = {isa = PBXFileReference; explicitFileType = wrapper.cfbundle; includeInIndex = 0; path = PageControlappTests.xctest; sourceTree = BUILT_PRODUCTS_DIR; };
		4228E9A41F43B4FA00E6C595 /* PageControlappTests.swift */ = {isa = PBXFileReference; lastKnownFileType = sourcecode.swift; path = PageControlappTests.swift; sourceTree = "<group>"; };
		4228E9A61F43B4FA00E6C595 /* Info.plist */ = {isa = PBXFileReference; lastKnownFileType = text.plist.xml; path = Info.plist; sourceTree = "<group>"; };
		4228E9AB1F43B4FA00E6C595 /* PageControlappUITests.xctest */ = {isa = PBXFileReference; explicitFileType = wrapper.cfbundle; includeInIndex = 0; path = PageControlappUITests.xctest; sourceTree = BUILT_PRODUCTS_DIR; };
		4228E9AF1F43B4FA00E6C595 /* PageControlappUITests.swift */ = {isa = PBXFileReference; lastKnownFileType = sourcecode.swift; path = PageControlappUITests.swift; sourceTree = "<group>"; };
		4228E9B11F43B4FA00E6C595 /* Info.plist */ = {isa = PBXFileReference; lastKnownFileType = text.plist.xml; path = Info.plist; sourceTree = "<group>"; };
/* End PBXFileReference section */

/* Begin PBXFrameworksBuildPhase section */
		4228E9891F43B4FA00E6C595 /* Frameworks */ = {
			isa = PBXFrameworksBuildPhase;
			buildActionMask = 2147483647;
			files = (
			);
			runOnlyForDeploymentPostprocessing = 0;
		};
		4228E99D1F43B4FA00E6C595 /* Frameworks */ = {
			isa = PBXFrameworksBuildPhase;
			buildActionMask = 2147483647;
			files = (
			);
			runOnlyForDeploymentPostprocessing = 0;
		};
		4228E9A81F43B4FA00E6C595 /* Frameworks */ = {
			isa = PBXFrameworksBuildPhase;
			buildActionMask = 2147483647;
			files = (
			);
			runOnlyForDeploymentPostprocessing = 0;
		};
/* End PBXFrameworksBuildPhase section */

/* Begin PBXGroup section */
		4228E9831F43B4FA00E6C595 = {
			isa = PBXGroup;
			children = (
				4228E98E1F43B4FA00E6C595 /* PageControlapp */,
				4228E9A31F43B4FA00E6C595 /* PageControlappTests */,
				4228E9AE1F43B4FA00E6C595 /* PageControlappUITests */,
				4228E98D1F43B4FA00E6C595 /* Products */,
			);
			sourceTree = "<group>";
		};
		4228E98D1F43B4FA00E6C595 /* Products */ = {
			isa = PBXGroup;
			children = (
				4228E98C1F43B4FA00E6C595 /* PageControlapp.app */,
				4228E9A01F43B4FA00E6C595 /* PageControlappTests.xctest */,
				4228E9AB1F43B4FA00E6C595 /* PageControlappUITests.xctest */,
			);
			name = Products;
			sourceTree = "<group>";
		};
		4228E98E1F43B4FA00E6C595 /* PageControlapp */ = {
			isa = PBXGroup;
			children = (
				4228E98F1F43B4FA00E6C595 /* AppDelegate.swift */,
				4228E9911F43B4FA00E6C595 /* ViewController.swift */,
				4228E9931F43B4FA00E6C595 /* Main.storyboard */,
				4228E9961F43B4FA00E6C595 /* Assets.xcassets */,
				4228E9981F43B4FA00E6C595 /* LaunchScreen.storyboard */,
				4228E99B1F43B4FA00E6C595 /* Info.plist */,
			);
			path = PageControlapp;
			sourceTree = "<group>";
		};
		4228E9A31F43B4FA00E6C595 /* PageControlappTests */ = {
			isa = PBXGroup;
			children = (
				4228E9A41F43B4FA00E6C595 /* PageControlappTests.swift */,
				4228E9A61F43B4FA00E6C595 /* Info.plist */,
			);
			path = PageControlappTests;
			sourceTree = "<group>";
		};
		4228E9AE1F43B4FA00E6C595 /* PageControlappUITests */ = {
			isa = PBXGroup;
			children = (
				4228E9AF1F43B4FA00E6C595 /* PageControlappUITests.swift */,
				4228E9B11F43B4FA00E6C595 /* Info.plist */,
			);
			path = PageControlappUITests;
			sourceTree = "<group>";
		};
/* End PBXGroup section */

/* Begin PBXNativeTarget section */
		4228E98B1F43B4FA00E6C595 /* PageControlapp */ = {
			isa = PBXNativeTarget;
			buildConfigurationList = 4228E9B41F43B4FA00E6C595 /* Build configuration list for PBXNativeTarget "PageControlapp" */;
			buildPhases = (
				4228E9881F43B4FA00E6C595 /* Sources */,
				4228E9891F43B4FA00E6C595 /* Frameworks */,
				4228E98A1F43B4FA00E6C595 /* Resources */,
			);
			buildRules = (
			);
			dependencies = (
			);
			name = PageControlapp;
			productName = PageControlapp;
			productReference = 4228E98C1F43B4FA00E6C595 /* PageControlapp.app */;
			productType = "com.apple.product-type.application";
		};
		4228E99F1F43B4FA00E6C595 /* PageControlappTests */ = {
			isa = PBXNativeTarget;
			buildConfigurationList = 4228E9B71F43B4FA00E6C595 /* Build configuration list for PBXNativeTarget "PageControlappTests" */;
			buildPhases = (
				4228E99C1F43B4FA00E6C595 /* Sources */,
				4228E99D1F43B4FA00E6C595 /* Frameworks */,
				4228E99E1F43B4FA00E6C595 /* Resources */,
			);
			buildRules = (
			);
			dependencies = (
				4228E9A21F43B4FA00E6C595 /* PBXTargetDependency */,
			);
			name = PageControlappTests;
			productName = PageControlappTests;
			productReference = 4228E9A01F43B4FA00E6C595 /* PageControlappTests.xctest */;
			productType = "com.apple.product-type.bundle.unit-test";
		};
		4228E9AA1F43B4FA00E6C595 /* PageControlappUITests */ = {
			isa = PBXNativeTarget;
			buildConfigurationList = 4228E9BA1F43B4FA00E6C595 /* Build configuration list for PBXNativeTarget "PageControlappUITests" */;
			buildPhases = (
				4228E9A71F43B4FA00E6C595 /* Sources */,
				4228E9A81F43B4FA00E6C595 /* Frameworks */,
				4228E9A91F43B4FA00E6C595 /* Resources */,
			);
			buildRules = (
			);
			dependencies = (
				4228E9AD1F43B4FA00E6C595 /* PBXTargetDependency */,
			);
			name = PageControlappUITests;
			productName = PageControlappUITests;
			productReference = 4228E9AB1F43B4FA00E6C595 /* PageControlappUITests.xctest */;
			productType = "com.apple.product-type.bundle.ui-testing";
		};
/* End PBXNativeTarget section */

/* Begin PBXProject section */
		4228E9841F43B4FA00E6C595 /* Project object */ = {
			isa = PBXProject;
			attributes = {
				LastSwiftUpdateCheck = 0830;
				LastUpgradeCheck = 0830;
				ORGANIZATIONNAME = "Sergio Huerta";
				TargetAttributes = {
					4228E98B1F43B4FA00E6C595 = {
						CreatedOnToolsVersion = 8.3.3;
						ProvisioningStyle = Manual;
					};
					4228E99F1F43B4FA00E6C595 = {
						CreatedOnToolsVersion = 8.3.3;
						DevelopmentTeam = BWWS56KLGP;
						ProvisioningStyle = Automatic;
						TestTargetID = 4228E98B1F43B4FA00E6C595;
					};
					4228E9AA1F43B4FA00E6C595 = {
						CreatedOnToolsVersion = 8.3.3;
						DevelopmentTeam = BWWS56KLGP;
						ProvisioningStyle = Automatic;
						TestTargetID = 4228E98B1F43B4FA00E6C595;
					};
				};
			};
			buildConfigurationList = 4228E9871F43B4FA00E6C595 /* Build configuration list for PBXProject "PageControlapp" */;
			compatibilityVersion = "Xcode 3.2";
			developmentRegion = English;
			hasScannedForEncodings = 0;
			knownRegions = (
				en,
				Base,
			);
			mainGroup = 4228E9831F43B4FA00E6C595;
			productRefGroup = 4228E98D1F43B4FA00E6C595 /* Products */;
			projectDirPath = "";
			projectRoot = "";
			targets = (
				4228E98B1F43B4FA00E6C595 /* PageControlapp */,
				4228E99F1F43B4FA00E6C595 /* PageControlappTests */,
				4228E9AA1F43B4FA00E6C595 /* PageControlappUITests */,
			);
		};
/* End PBXProject section */

/* Begin PBXResourcesBuildPhase section */
		4228E98A1F43B4FA00E6C595 /* Resources */ = {
			isa = PBXResourcesBuildPhase;
			buildActionMask = 2147483647;
			files = (
				4228E99A1F43B4FA00E6C595 /* LaunchScreen.storyboard in Resources */,
				4228E9971F43B4FA00E6C595 /* Assets.xcassets in Resources */,
				4228E9951F43B4FA00E6C595 /* Main.storyboard in Resources */,
			);
			runOnlyForDeploymentPostprocessing = 0;
		};
		4228E99E1F43B4FA00E6C595 /* Resources */ = {
			isa = PBXResourcesBuildPhase;
			buildActionMask = 2147483647;
			files = (
			);
			runOnlyForDeploymentPostprocessing = 0;
		};
		4228E9A91F43B4FA00E6C595 /* Resources */ = {
			isa = PBXResourcesBuildPhase;
			buildActionMask = 2147483647;
			files = (
			);
			runOnlyForDeploymentPostprocessing = 0;
		};
/* End PBXResourcesBuildPhase section */

/* Begin PBXSourcesBuildPhase section */
		4228E9881F43B4FA00E6C595 /* Sources */ = {
			isa = PBXSourcesBuildPhase;
			buildActionMask = 2147483647;
			files = (
				4228E9921F43B4FA00E6C595 /* ViewController.swift in Sources */,
				4228E9901F43B4FA00E6C595 /* AppDelegate.swift in Sources */,
			);
			runOnlyForDeploymentPostprocessing = 0;
		};
		4228E99C1F43B4FA00E6C595 /* Sources */ = {
			isa = PBXSourcesBuildPhase;
			buildActionMask = 2147483647;
			files = (
				4228E9A51F43B4FA00E6C595 /* PageControlappTests.swift in Sources */,
			);
			runOnlyForDeploymentPostprocessing = 0;
		};
		4228E9A71F43B4FA00E6C595 /* Sources */ = {
			isa = PBXSourcesBuildPhase;
			buildActionMask = 2147483647;
			files = (
				4228E9B01F43B4FA00E6C595 /* PageControlappUITests.swift in Sources */,
			);
			runOnlyForDeploymentPostprocessing = 0;
		};
/* End PBXSourcesBuildPhase section */

/* Begin PBXTargetDependency section */
		4228E9A21F43B4FA00E6C595 /* PBXTargetDependency */ = {
			isa = PBXTargetDependency;
			target = 4228E98B1F43B4FA00E6C595 /* PageControlapp */;
			targetProxy = 4228E9A11F43B4FA00E6C595 /* PBXContainerItemProxy */;
		};
		4228E9AD1F43B4FA00E6C595 /* PBXTargetDependency */ = {
			isa = PBXTargetDependency;
			target = 4228E98B1F43B4FA00E6C595 /* PageControlapp */;
			targetProxy = 4228E9AC1F43B4FA00E6C595 /* PBXContainerItemProxy */;
		};
/* End PBXTargetDependency section */

/* Begin PBXVariantGroup section */
		4228E9931F43B4FA00E6C595 /* Main.storyboard */ = {
			isa = PBXVariantGroup;
			children = (
				4228E9941F43B4FA00E6C595 /* Base */,
			);
			name = Main.storyboard;
			sourceTree = "<group>";
		};
		4228E9981F43B4FA00E6C595 /* LaunchScreen.storyboard */ = {
			isa = PBXVariantGroup;
			children = (
				4228E9991F43B4FA00E6C595 /* Base */,
			);
			name = LaunchScreen.storyboard;
			sourceTree = "<group>";
		};
/* End PBXVariantGroup section */

/* Begin XCBuildConfiguration section */
		4228E9B21F43B4FA00E6C595 /* Debug */ = {
			isa = XCBuildConfiguration;
			buildSettings = {
				ALWAYS_SEARCH_USER_PATHS = NO;
				CLANG_ANALYZER_NONNULL = YES;
				CLANG_ANALYZER_NUMBER_OBJECT_CONVERSION = YES_AGGRESSIVE;
				CLANG_CXX_LANGUAGE_STANDARD = "gnu++0x";
				CLANG_CXX_LIBRARY = "libc++";
				CLANG_ENABLE_MODULES = YES;
				CLANG_ENABLE_OBJC_ARC = YES;
				CLANG_WARN_BOOL_CONVERSION = YES;
				CLANG_WARN_CONSTANT_CONVERSION = YES;
				CLANG_WARN_DIRECT_OBJC_ISA_USAGE = YES_ERROR;
				CLANG_WARN_DOCUMENTATION_COMMENTS = YES;
				CLANG_WARN_EMPTY_BODY = YES;
				CLANG_WARN_ENUM_CONVERSION = YES;
				CLANG_WARN_INFINITE_RECURSION = YES;
				CLANG_WARN_INT_CONVERSION = YES;
				CLANG_WARN_OBJC_ROOT_CLASS = YES_ERROR;
				CLANG_WARN_SUSPICIOUS_MOVE = YES;
				CLANG_WARN_UNREACHABLE_CODE = YES;
				CLANG_WARN__DUPLICATE_METHOD_MATCH = YES;
				"CODE_SIGN_IDENTITY[sdk=iphoneos*]" = "iPhone Developer";
				COPY_PHASE_STRIP = NO;
				DEBUG_INFORMATION_FORMAT = dwarf;
				ENABLE_STRICT_OBJC_MSGSEND = YES;
				ENABLE_TESTABILITY = YES;
				GCC_C_LANGUAGE_STANDARD = gnu99;
				GCC_DYNAMIC_NO_PIC = NO;
				GCC_NO_COMMON_BLOCKS = YES;
				GCC_OPTIMIZATION_LEVEL = 0;
				GCC_PREPROCESSOR_DEFINITIONS = (
					"DEBUG=1",
					"$(inherited)",
				);
				GCC_WARN_64_TO_32_BIT_CONVERSION = YES;
				GCC_WARN_ABOUT_RETURN_TYPE = YES_ERROR;
				GCC_WARN_UNDECLARED_SELECTOR = YES;
				GCC_WARN_UNINITIALIZED_AUTOS = YES_AGGRESSIVE;
				GCC_WARN_UNUSED_FUNCTION = YES;
				GCC_WARN_UNUSED_VARIABLE = YES;
				IPHONEOS_DEPLOYMENT_TARGET = 10.3;
				MTL_ENABLE_DEBUG_INFO = YES;
				ONLY_ACTIVE_ARCH = YES;
				SDKROOT = iphoneos;
				SWIFT_ACTIVE_COMPILATION_CONDITIONS = DEBUG;
				SWIFT_OPTIMIZATION_LEVEL = "-Onone";
				TARGETED_DEVICE_FAMILY = "1,2";
			};
			name = Debug;
		};
		4228E9B31F43B4FA00E6C595 /* Release */ = {
			isa = XCBuildConfiguration;
			buildSettings = {
				ALWAYS_SEARCH_USER_PATHS = NO;
				CLANG_ANALYZER_NONNULL = YES;
				CLANG_ANALYZER_NUMBER_OBJECT_CONVERSION = YES_AGGRESSIVE;
				CLANG_CXX_LANGUAGE_STANDARD = "gnu++0x";
				CLANG_CXX_LIBRARY = "libc++";
				CLANG_ENABLE_MODULES = YES;
				CLANG_ENABLE_OBJC_ARC = YES;
				CLANG_WARN_BOOL_CONVERSION = YES;
				CLANG_WARN_CONSTANT_CONVERSION = YES;
				CLANG_WARN_DIRECT_OBJC_ISA_USAGE = YES_ERROR;
				CLANG_WARN_DOCUMENTATION_COMMENTS = YES;
				CLANG_WARN_EMPTY_BODY = YES;
				CLANG_WARN_ENUM_CONVERSION = YES;
				CLANG_WARN_INFINITE_RECURSION = YES;
				CLANG_WARN_INT_CONVERSION = YES;
				CLANG_WARN_OBJC_ROOT_CLASS = YES_ERROR;
				CLANG_WARN_SUSPICIOUS_MOVE = YES;
				CLANG_WARN_UNREACHABLE_CODE = YES;
				CLANG_WARN__DUPLICATE_METHOD_MATCH = YES;
				"CODE_SIGN_IDENTITY[sdk=iphoneos*]" = "iPhone Developer";
				COPY_PHASE_STRIP = NO;
				DEBUG_INFORMATION_FORMAT = "dwarf-with-dsym";
				ENABLE_NS_ASSERTIONS = NO;
				ENABLE_STRICT_OBJC_MSGSEND = YES;
				GCC_C_LANGUAGE_STANDARD = gnu99;
				GCC_NO_COMMON_BLOCKS = YES;
				GCC_WARN_64_TO_32_BIT_CONVERSION = YES;
				GCC_WARN_ABOUT_RETURN_TYPE = YES_ERROR;
				GCC_WARN_UNDECLARED_SELECTOR = YES;
				GCC_WARN_UNINITIALIZED_AUTOS = YES_AGGRESSIVE;
				GCC_WARN_UNUSED_FUNCTION = YES;
				GCC_WARN_UNUSED_VARIABLE = YES;
				IPHONEOS_DEPLOYMENT_TARGET = 10.3;
				MTL_ENABLE_DEBUG_INFO = NO;
				SDKROOT = iphoneos;
				SWIFT_OPTIMIZATION_LEVEL = "-Owholemodule";
				TARGETED_DEVICE_FAMILY = "1,2";
				VALIDATE_PRODUCT = YES;
			};
			name = Release;
		};
		4228E9B51F43B4FA00E6C595 /* Debug */ = {
			isa = XCBuildConfiguration;
			buildSettings = {
				ASSETCATALOG_COMPILER_APPICON_NAME = AppIcon;
				DEVELOPMENT_TEAM = "";
				INFOPLIST_FILE = PageControlapp/Info.plist;
				LD_RUNPATH_SEARCH_PATHS = "$(inherited) @executable_path/Frameworks";
				PRODUCT_BUNDLE_IDENTIFIER = SH.PageControlapp;
				PRODUCT_NAME = "$(TARGET_NAME)";
				PROVISIONING_PROFILE_SPECIFIER = "";
				SWIFT_VERSION = 3.0;
			};
			name = Debug;
		};
		4228E9B61F43B4FA00E6C595 /* Release */ = {
			isa = XCBuildConfiguration;
			buildSettings = {
				ASSETCATALOG_COMPILER_APPICON_NAME = AppIcon;
				DEVELOPMENT_TEAM = "";
				INFOPLIST_FILE = PageControlapp/Info.plist;
				LD_RUNPATH_SEARCH_PATHS = "$(inherited) @executable_path/Frameworks";
				PRODUCT_BUNDLE_IDENTIFIER = SH.PageControlapp;
				PRODUCT_NAME = "$(TARGET_NAME)";
				PROVISIONING_PROFILE_SPECIFIER = "";
				SWIFT_VERSION = 3.0;
			};
			name = Release;
		};
		4228E9B81F43B4FA00E6C595 /* Debug */ = {
			isa = XCBuildConfiguration;
			buildSettings = {
				ALWAYS_EMBED_SWIFT_STANDARD_LIBRARIES = YES;
				BUNDLE_LOADER = "$(TEST_HOST)";
				DEVELOPMENT_TEAM = BWWS56KLGP;
				INFOPLIST_FILE = PageControlappTests/Info.plist;
				LD_RUNPATH_SEARCH_PATHS = "$(inherited) @executable_path/Frameworks @loader_path/Frameworks";
				PRODUCT_BUNDLE_IDENTIFIER = SH.PageControlappTests;
				PRODUCT_NAME = "$(TARGET_NAME)";
				SWIFT_VERSION = 3.0;
				TEST_HOST = "$(BUILT_PRODUCTS_DIR)/PageControlapp.app/PageControlapp";
			};
			name = Debug;
		};
		4228E9B91F43B4FA00E6C595 /* Release */ = {
			isa = XCBuildConfiguration;
			buildSettings = {
				ALWAYS_EMBED_SWIFT_STANDARD_LIBRARIES = YES;
				BUNDLE_LOADER = "$(TEST_HOST)";
				DEVELOPMENT_TEAM = BWWS56KLGP;
				INFOPLIST_FILE = PageControlappTests/Info.plist;
				LD_RUNPATH_SEARCH_PATHS = "$(inherited) @executable_path/Frameworks @loader_path/Frameworks";
				PRODUCT_BUNDLE_IDENTIFIER = SH.PageControlappTests;
				PRODUCT_NAME = "$(TARGET_NAME)";
				SWIFT_VERSION = 3.0;
				TEST_HOST = "$(BUILT_PRODUCTS_DIR)/PageControlapp.app/PageControlapp";
			};
			name = Release;
		};
		4228E9BB1F43B4FA00E6C595 /* Debug */ = {
			isa = XCBuildConfiguration;
			buildSettings = {
				ALWAYS_EMBED_SWIFT_STANDARD_LIBRARIES = YES;
				DEVELOPMENT_TEAM = BWWS56KLGP;
				INFOPLIST_FILE = PageControlappUITests/Info.plist;
				LD_RUNPATH_SEARCH_PATHS = "$(inherited) @executable_path/Frameworks @loader_path/Frameworks";
				PRODUCT_BUNDLE_IDENTIFIER = SH.PageControlappUITests;
				PRODUCT_NAME = "$(TARGET_NAME)";
				SWIFT_VERSION = 3.0;
				TEST_TARGET_NAME = PageControlapp;
			};
			name = Debug;
		};
		4228E9BC1F43B4FA00E6C595 /* Release */ = {
			isa = XCBuildConfiguration;
			buildSettings = {
				ALWAYS_EMBED_SWIFT_STANDARD_LIBRARIES = YES;
				DEVELOPMENT_TEAM = BWWS56KLGP;
				INFOPLIST_FILE = PageControlappUITests/Info.plist;
				LD_RUNPATH_SEARCH_PATHS = "$(inherited) @executable_path/Frameworks @loader_path/Frameworks";
				PRODUCT_BUNDLE_IDENTIFIER = SH.PageControlappUITests;
				PRODUCT_NAME = "$(TARGET_NAME)";
				SWIFT_VERSION = 3.0;
				TEST_TARGET_NAME = PageControlapp;
			};
			name = Release;
		};
/* End XCBuildConfiguration section */

/* Begin XCConfigurationList section */
		4228E9871F43B4FA00E6C595 /* Build configuration list for PBXProject "PageControlapp" */ = {
			isa = XCConfigurationList;
			buildConfigurations = (
				4228E9B21F43B4FA00E6C595 /* Debug */,
				4228E9B31F43B4FA00E6C595 /* Release */,
			);
			defaultConfigurationIsVisible = 0;
			defaultConfigurationName = Release;
		};
		4228E9B41F43B4FA00E6C595 /* Build configuration list for PBXNativeTarget "PageControlapp" */ = {
			isa = XCConfigurationList;
			buildConfigurations = (
				4228E9B51F43B4FA00E6C595 /* Debug */,
				4228E9B61F43B4FA00E6C595 /* Release */,
			);
			defaultConfigurationIsVisible = 0;
		};
		4228E9B71F43B4FA00E6C595 /* Build configuration list for PBXNativeTarget "PageControlappTests" */ = {
			isa = XCConfigurationList;
			buildConfigurations = (
				4228E9B81F43B4FA00E6C595 /* Debug */,
				4228E9B91F43B4FA00E6C595 /* Release */,
			);
			defaultConfigurationIsVisible = 0;
		};
		4228E9BA1F43B4FA00E6C595 /* Build configuration list for PBXNativeTarget "PageControlappUITests" */ = {
			isa = XCConfigurationList;
			buildConfigurations = (
				4228E9BB1F43B4FA00E6C595 /* Debug */,
				4228E9BC1F43B4FA00E6C595 /* Release */,
			);
			defaultConfigurationIsVisible = 0;
		};
/* End XCConfigurationList section */
	};
	rootObject = 4228E9841F43B4FA00E6C595 /* Project object */;
}
