// !$*UTF8*$!
{
	archiveVersion = 1;
	classes = {
	};
	objectVersion = 46;
	objects = {

/* Begin PBXBuildFile section */
		4293AF2B1F48B37200D62A84 /* AppDelegate.swift in Sources */ = {isa = PBXBuildFile; fileRef = 4293AF2A1F48B37200D62A84 /* AppDelegate.swift */; };
		4293AF2D1F48B37200D62A84 /* ViewController.swift in Sources */ = {isa = PBXBuildFile; fileRef = 4293AF2C1F48B37200D62A84 /* ViewController.swift */; };
		4293AF301F48B37200D62A84 /* Main.storyboard in Resources */ = {isa = PBXBuildFile; fileRef = 4293AF2E1F48B37200D62A84 /* Main.storyboard */; };
		4293AF321F48B37200D62A84 /* Assets.xcassets in Resources */ = {isa = PBXBuildFile; fileRef = 4293AF311F48B37200D62A84 /* Assets.xcassets */; };
		4293AF351F48B37200D62A84 /* LaunchScreen.storyboard in Resources */ = {isa = PBXBuildFile; fileRef = 4293AF331F48B37200D62A84 /* LaunchScreen.storyboard */; };
		4293AF401F48B37200D62A84 /* JavaScriptTests.swift in Sources */ = {isa = PBXBuildFile; fileRef = 4293AF3F1F48B37200D62A84 /* JavaScriptTests.swift */; };
		4293AF4B1F48B37200D62A84 /* JavaScriptUITests.swift in Sources */ = {isa = PBXBuildFile; fileRef = 4293AF4A1F48B37200D62A84 /* JavaScriptUITests.swift */; };
		4293AF591F48B3FD00D62A84 /* Particulas in Resources */ = {isa = PBXBuildFile; fileRef = 4293AF581F48B3FD00D62A84 /* Particulas */; };
/* End PBXBuildFile section */

/* Begin PBXContainerItemProxy section */
		4293AF3C1F48B37200D62A84 /* PBXContainerItemProxy */ = {
			isa = PBXContainerItemProxy;
			containerPortal = 4293AF1F1F48B37200D62A84 /* Project object */;
			proxyType = 1;
			remoteGlobalIDString = 4293AF261F48B37200D62A84;
			remoteInfo = JavaScript;
		};
		4293AF471F48B37200D62A84 /* PBXContainerItemProxy */ = {
			isa = PBXContainerItemProxy;
			containerPortal = 4293AF1F1F48B37200D62A84 /* Project object */;
			proxyType = 1;
			remoteGlobalIDString = 4293AF261F48B37200D62A84;
			remoteInfo = JavaScript;
		};
/* End PBXContainerItemProxy section */

/* Begin PBXFileReference section */
		4293AF271F48B37200D62A84 /* JavaScript.app */ = {isa = PBXFileReference; explicitFileType = wrapper.application; includeInIndex = 0; path = JavaScript.app; sourceTree = BUILT_PRODUCTS_DIR; };
		4293AF2A1F48B37200D62A84 /* AppDelegate.swift */ = {isa = PBXFileReference; lastKnownFileType = sourcecode.swift; path = AppDelegate.swift; sourceTree = "<group>"; };
		4293AF2C1F48B37200D62A84 /* ViewController.swift */ = {isa = PBXFileReference; lastKnownFileType = sourcecode.swift; path = ViewController.swift; sourceTree = "<group>"; };
		4293AF2F1F48B37200D62A84 /* Base */ = {isa = PBXFileReference; lastKnownFileType = file.storyboard; name = Base; path = Base.lproj/Main.storyboard; sourceTree = "<group>"; };
		4293AF311F48B37200D62A84 /* Assets.xcassets */ = {isa = PBXFileReference; lastKnownFileType = folder.assetcatalog; path = Assets.xcassets; sourceTree = "<group>"; };
		4293AF341F48B37200D62A84 /* Base */ = {isa = PBXFileReference; lastKnownFileType = file.storyboard; name = Base; path = Base.lproj/LaunchScreen.storyboard; sourceTree = "<group>"; };
		4293AF361F48B37200D62A84 /* Info.plist */ = {isa = PBXFileReference; lastKnownFileType = text.plist.xml; path = Info.plist; sourceTree = "<group>"; };
		4293AF3B1F48B37200D62A84 /* JavaScriptTests.xctest */ = {isa = PBXFileReference; explicitFileType = wrapper.cfbundle; includeInIndex = 0; path = JavaScriptTests.xctest; sourceTree = BUILT_PRODUCTS_DIR; };
		4293AF3F1F48B37200D62A84 /* JavaScriptTests.swift */ = {isa = PBXFileReference; lastKnownFileType = sourcecode.swift; path = JavaScriptTests.swift; sourceTree = "<group>"; };
		4293AF411F48B37200D62A84 /* Info.plist */ = {isa = PBXFileReference; lastKnownFileType = text.plist.xml; path = Info.plist; sourceTree = "<group>"; };
		4293AF461F48B37200D62A84 /* JavaScriptUITests.xctest */ = {isa = PBXFileReference; explicitFileType = wrapper.cfbundle; includeInIndex = 0; path = JavaScriptUITests.xctest; sourceTree = BUILT_PRODUCTS_DIR; };
		4293AF4A1F48B37200D62A84 /* JavaScriptUITests.swift */ = {isa = PBXFileReference; lastKnownFileType = sourcecode.swift; path = JavaScriptUITests.swift; sourceTree = "<group>"; };
		4293AF4C1F48B37200D62A84 /* Info.plist */ = {isa = PBXFileReference; lastKnownFileType = text.plist.xml; path = Info.plist; sourceTree = "<group>"; };
		4293AF581F48B3FD00D62A84 /* Particulas */ = {isa = PBXFileReference; lastKnownFileType = folder; path = Particulas; sourceTree = "<group>"; };
/* End PBXFileReference section */

/* Begin PBXFrameworksBuildPhase section */
		4293AF241F48B37200D62A84 /* Frameworks */ = {
			isa = PBXFrameworksBuildPhase;
			buildActionMask = 2147483647;
			files = (
			);
			runOnlyForDeploymentPostprocessing = 0;
		};
		4293AF381F48B37200D62A84 /* Frameworks */ = {
			isa = PBXFrameworksBuildPhase;
			buildActionMask = 2147483647;
			files = (
			);
			runOnlyForDeploymentPostprocessing = 0;
		};
		4293AF431F48B37200D62A84 /* Frameworks */ = {
			isa = PBXFrameworksBuildPhase;
			buildActionMask = 2147483647;
			files = (
			);
			runOnlyForDeploymentPostprocessing = 0;
		};
/* End PBXFrameworksBuildPhase section */

/* Begin PBXGroup section */
		4293AF1E1F48B37200D62A84 = {
			isa = PBXGroup;
			children = (
				4293AF291F48B37200D62A84 /* JavaScript */,
				4293AF3E1F48B37200D62A84 /* JavaScriptTests */,
				4293AF491F48B37200D62A84 /* JavaScriptUITests */,
				4293AF281F48B37200D62A84 /* Products */,
			);
			sourceTree = "<group>";
		};
		4293AF281F48B37200D62A84 /* Products */ = {
			isa = PBXGroup;
			children = (
				4293AF271F48B37200D62A84 /* JavaScript.app */,
				4293AF3B1F48B37200D62A84 /* JavaScriptTests.xctest */,
				4293AF461F48B37200D62A84 /* JavaScriptUITests.xctest */,
			);
			name = Products;
			sourceTree = "<group>";
		};
		4293AF291F48B37200D62A84 /* JavaScript */ = {
			isa = PBXGroup;
			children = (
				4293AF2A1F48B37200D62A84 /* AppDelegate.swift */,
				4293AF2C1F48B37200D62A84 /* ViewController.swift */,
				4293AF2E1F48B37200D62A84 /* Main.storyboard */,
				4293AF581F48B3FD00D62A84 /* Particulas */,
				4293AF311F48B37200D62A84 /* Assets.xcassets */,
				4293AF331F48B37200D62A84 /* LaunchScreen.storyboard */,
				4293AF361F48B37200D62A84 /* Info.plist */,
			);
			path = JavaScript;
			sourceTree = "<group>";
		};
		4293AF3E1F48B37200D62A84 /* JavaScriptTests */ = {
			isa = PBXGroup;
			children = (
				4293AF3F1F48B37200D62A84 /* JavaScriptTests.swift */,
				4293AF411F48B37200D62A84 /* Info.plist */,
			);
			path = JavaScriptTests;
			sourceTree = "<group>";
		};
		4293AF491F48B37200D62A84 /* JavaScriptUITests */ = {
			isa = PBXGroup;
			children = (
				4293AF4A1F48B37200D62A84 /* JavaScriptUITests.swift */,
				4293AF4C1F48B37200D62A84 /* Info.plist */,
			);
			path = JavaScriptUITests;
			sourceTree = "<group>";
		};
/* End PBXGroup section */

/* Begin PBXNativeTarget section */
		4293AF261F48B37200D62A84 /* JavaScript */ = {
			isa = PBXNativeTarget;
			buildConfigurationList = 4293AF4F1F48B37200D62A84 /* Build configuration list for PBXNativeTarget "JavaScript" */;
			buildPhases = (
				4293AF231F48B37200D62A84 /* Sources */,
				4293AF241F48B37200D62A84 /* Frameworks */,
				4293AF251F48B37200D62A84 /* Resources */,
			);
			buildRules = (
			);
			dependencies = (
			);
			name = JavaScript;
			productName = JavaScript;
			productReference = 4293AF271F48B37200D62A84 /* JavaScript.app */;
			productType = "com.apple.product-type.application";
		};
		4293AF3A1F48B37200D62A84 /* JavaScriptTests */ = {
			isa = PBXNativeTarget;
			buildConfigurationList = 4293AF521F48B37200D62A84 /* Build configuration list for PBXNativeTarget "JavaScriptTests" */;
			buildPhases = (
				4293AF371F48B37200D62A84 /* Sources */,
				4293AF381F48B37200D62A84 /* Frameworks */,
				4293AF391F48B37200D62A84 /* Resources */,
			);
			buildRules = (
			);
			dependencies = (
				4293AF3D1F48B37200D62A84 /* PBXTargetDependency */,
			);
			name = JavaScriptTests;
			productName = JavaScriptTests;
			productReference = 4293AF3B1F48B37200D62A84 /* JavaScriptTests.xctest */;
			productType = "com.apple.product-type.bundle.unit-test";
		};
		4293AF451F48B37200D62A84 /* JavaScriptUITests */ = {
			isa = PBXNativeTarget;
			buildConfigurationList = 4293AF551F48B37200D62A84 /* Build configuration list for PBXNativeTarget "JavaScriptUITests" */;
			buildPhases = (
				4293AF421F48B37200D62A84 /* Sources */,
				4293AF431F48B37200D62A84 /* Frameworks */,
				4293AF441F48B37200D62A84 /* Resources */,
			);
			buildRules = (
			);
			dependencies = (
				4293AF481F48B37200D62A84 /* PBXTargetDependency */,
			);
			name = JavaScriptUITests;
			productName = JavaScriptUITests;
			productReference = 4293AF461F48B37200D62A84 /* JavaScriptUITests.xctest */;
			productType = "com.apple.product-type.bundle.ui-testing";
		};
/* End PBXNativeTarget section */

/* Begin PBXProject section */
		4293AF1F1F48B37200D62A84 /* Project object */ = {
			isa = PBXProject;
			attributes = {
				LastSwiftUpdateCheck = 0830;
				LastUpgradeCheck = 0830;
				ORGANIZATIONNAME = "Sergio Huerta";
				TargetAttributes = {
					4293AF261F48B37200D62A84 = {
						CreatedOnToolsVersion = 8.3.3;
						ProvisioningStyle = Automatic;
					};
					4293AF3A1F48B37200D62A84 = {
						CreatedOnToolsVersion = 8.3.3;
						DevelopmentTeam = BWWS56KLGP;
						ProvisioningStyle = Automatic;
						TestTargetID = 4293AF261F48B37200D62A84;
					};
					4293AF451F48B37200D62A84 = {
						CreatedOnToolsVersion = 8.3.3;
						DevelopmentTeam = BWWS56KLGP;
						ProvisioningStyle = Automatic;
						TestTargetID = 4293AF261F48B37200D62A84;
					};
				};
			};
			buildConfigurationList = 4293AF221F48B37200D62A84 /* Build configuration list for PBXProject "JavaScript" */;
			compatibilityVersion = "Xcode 3.2";
			developmentRegion = English;
			hasScannedForEncodings = 0;
			knownRegions = (
				en,
				Base,
			);
			mainGroup = 4293AF1E1F48B37200D62A84;
			productRefGroup = 4293AF281F48B37200D62A84 /* Products */;
			projectDirPath = "";
			projectRoot = "";
			targets = (
				4293AF261F48B37200D62A84 /* JavaScript */,
				4293AF3A1F48B37200D62A84 /* JavaScriptTests */,
				4293AF451F48B37200D62A84 /* JavaScriptUITests */,
			);
		};
/* End PBXProject section */

/* Begin PBXResourcesBuildPhase section */
		4293AF251F48B37200D62A84 /* Resources */ = {
			isa = PBXResourcesBuildPhase;
			buildActionMask = 2147483647;
			files = (
				4293AF351F48B37200D62A84 /* LaunchScreen.storyboard in Resources */,
				4293AF321F48B37200D62A84 /* Assets.xcassets in Resources */,
				4293AF591F48B3FD00D62A84 /* Particulas in Resources */,
				4293AF301F48B37200D62A84 /* Main.storyboard in Resources */,
			);
			runOnlyForDeploymentPostprocessing = 0;
		};
		4293AF391F48B37200D62A84 /* Resources */ = {
			isa = PBXResourcesBuildPhase;
			buildActionMask = 2147483647;
			files = (
			);
			runOnlyForDeploymentPostprocessing = 0;
		};
		4293AF441F48B37200D62A84 /* Resources */ = {
			isa = PBXResourcesBuildPhase;
			buildActionMask = 2147483647;
			files = (
			);
			runOnlyForDeploymentPostprocessing = 0;
		};
/* End PBXResourcesBuildPhase section */

/* Begin PBXSourcesBuildPhase section */
		4293AF231F48B37200D62A84 /* Sources */ = {
			isa = PBXSourcesBuildPhase;
			buildActionMask = 2147483647;
			files = (
				4293AF2D1F48B37200D62A84 /* ViewController.swift in Sources */,
				4293AF2B1F48B37200D62A84 /* AppDelegate.swift in Sources */,
			);
			runOnlyForDeploymentPostprocessing = 0;
		};
		4293AF371F48B37200D62A84 /* Sources */ = {
			isa = PBXSourcesBuildPhase;
			buildActionMask = 2147483647;
			files = (
				4293AF401F48B37200D62A84 /* JavaScriptTests.swift in Sources */,
			);
			runOnlyForDeploymentPostprocessing = 0;
		};
		4293AF421F48B37200D62A84 /* Sources */ = {
			isa = PBXSourcesBuildPhase;
			buildActionMask = 2147483647;
			files = (
				4293AF4B1F48B37200D62A84 /* JavaScriptUITests.swift in Sources */,
			);
			runOnlyForDeploymentPostprocessing = 0;
		};
/* End PBXSourcesBuildPhase section */

/* Begin PBXTargetDependency section */
		4293AF3D1F48B37200D62A84 /* PBXTargetDependency */ = {
			isa = PBXTargetDependency;
			target = 4293AF261F48B37200D62A84 /* JavaScript */;
			targetProxy = 4293AF3C1F48B37200D62A84 /* PBXContainerItemProxy */;
		};
		4293AF481F48B37200D62A84 /* PBXTargetDependency */ = {
			isa = PBXTargetDependency;
			target = 4293AF261F48B37200D62A84 /* JavaScript */;
			targetProxy = 4293AF471F48B37200D62A84 /* PBXContainerItemProxy */;
		};
/* End PBXTargetDependency section */

/* Begin PBXVariantGroup section */
		4293AF2E1F48B37200D62A84 /* Main.storyboard */ = {
			isa = PBXVariantGroup;
			children = (
				4293AF2F1F48B37200D62A84 /* Base */,
			);
			name = Main.storyboard;
			sourceTree = "<group>";
		};
		4293AF331F48B37200D62A84 /* LaunchScreen.storyboard */ = {
			isa = PBXVariantGroup;
			children = (
				4293AF341F48B37200D62A84 /* Base */,
			);
			name = LaunchScreen.storyboard;
			sourceTree = "<group>";
		};
/* End PBXVariantGroup section */

/* Begin XCBuildConfiguration section */
		4293AF4D1F48B37200D62A84 /* Debug */ = {
			isa = XCBuildConfiguration;
			buildSettings = {
				ALWAYS_SEARCH_USER_PATHS = NO;
				CLANG_ANALYZER_NONNULL = YES;
				CLANG_ANALYZER_NUMBER_OBJECT_CONVERSION = YES_AGGRESSIVE;
				CLANG_CXX_LANGUAGE_STANDARD = "gnu++0x";
				CLANG_CXX_LIBRARY = "libc++";
				CLANG_ENABLE_MODULES = YES;
				CLANG_ENABLE_OBJC_ARC = YES;
				CLANG_WARN_BOOL_CONVERSION = YES;
				CLANG_WARN_CONSTANT_CONVERSION = YES;
				CLANG_WARN_DIRECT_OBJC_ISA_USAGE = YES_ERROR;
				CLANG_WARN_DOCUMENTATION_COMMENTS = YES;
				CLANG_WARN_EMPTY_BODY = YES;
				CLANG_WARN_ENUM_CONVERSION = YES;
				CLANG_WARN_INFINITE_RECURSION = YES;
				CLANG_WARN_INT_CONVERSION = YES;
				CLANG_WARN_OBJC_ROOT_CLASS = YES_ERROR;
				CLANG_WARN_SUSPICIOUS_MOVE = YES;
				CLANG_WARN_UNREACHABLE_CODE = YES;
				CLANG_WARN__DUPLICATE_METHOD_MATCH = YES;
				"CODE_SIGN_IDENTITY[sdk=iphoneos*]" = "iPhone Developer";
				COPY_PHASE_STRIP = NO;
				DEBUG_INFORMATION_FORMAT = dwarf;
				ENABLE_STRICT_OBJC_MSGSEND = YES;
				ENABLE_TESTABILITY = YES;
				GCC_C_LANGUAGE_STANDARD = gnu99;
				GCC_DYNAMIC_NO_PIC = NO;
				GCC_NO_COMMON_BLOCKS = YES;
				GCC_OPTIMIZATION_LEVEL = 0;
				GCC_PREPROCESSOR_DEFINITIONS = (
					"DEBUG=1",
					"$(inherited)",
				);
				GCC_WARN_64_TO_32_BIT_CONVERSION = YES;
				GCC_WARN_ABOUT_RETURN_TYPE = YES_ERROR;
				GCC_WARN_UNDECLARED_SELECTOR = YES;
				GCC_WARN_UNINITIALIZED_AUTOS = YES_AGGRESSIVE;
				GCC_WARN_UNUSED_FUNCTION = YES;
				GCC_WARN_UNUSED_VARIABLE = YES;
				IPHONEOS_DEPLOYMENT_TARGET = 10.3;
				MTL_ENABLE_DEBUG_INFO = YES;
				ONLY_ACTIVE_ARCH = YES;
				SDKROOT = iphoneos;
				SWIFT_ACTIVE_COMPILATION_CONDITIONS = DEBUG;
				SWIFT_OPTIMIZATION_LEVEL = "-Onone";
			};
			name = Debug;
		};
		4293AF4E1F48B37200D62A84 /* Release */ = {
			isa = XCBuildConfiguration;
			buildSettings = {
				ALWAYS_SEARCH_USER_PATHS = NO;
				CLANG_ANALYZER_NONNULL = YES;
				CLANG_ANALYZER_NUMBER_OBJECT_CONVERSION = YES_AGGRESSIVE;
				CLANG_CXX_LANGUAGE_STANDARD = "gnu++0x";
				CLANG_CXX_LIBRARY = "libc++";
				CLANG_ENABLE_MODULES = YES;
				CLANG_ENABLE_OBJC_ARC = YES;
				CLANG_WARN_BOOL_CONVERSION = YES;
				CLANG_WARN_CONSTANT_CONVERSION = YES;
				CLANG_WARN_DIRECT_OBJC_ISA_USAGE = YES_ERROR;
				CLANG_WARN_DOCUMENTATION_COMMENTS = YES;
				CLANG_WARN_EMPTY_BODY = YES;
				CLANG_WARN_ENUM_CONVERSION = YES;
				CLANG_WARN_INFINITE_RECURSION = YES;
				CLANG_WARN_INT_CONVERSION = YES;
				CLANG_WARN_OBJC_ROOT_CLASS = YES_ERROR;
				CLANG_WARN_SUSPICIOUS_MOVE = YES;
				CLANG_WARN_UNREACHABLE_CODE = YES;
				CLANG_WARN__DUPLICATE_METHOD_MATCH = YES;
				"CODE_SIGN_IDENTITY[sdk=iphoneos*]" = "iPhone Developer";
				COPY_PHASE_STRIP = NO;
				DEBUG_INFORMATION_FORMAT = "dwarf-with-dsym";
				ENABLE_NS_ASSERTIONS = NO;
				ENABLE_STRICT_OBJC_MSGSEND = YES;
				GCC_C_LANGUAGE_STANDARD = gnu99;
				GCC_NO_COMMON_BLOCKS = YES;
				GCC_WARN_64_TO_32_BIT_CONVERSION = YES;
				GCC_WARN_ABOUT_RETURN_TYPE = YES_ERROR;
				GCC_WARN_UNDECLARED_SELECTOR = YES;
				GCC_WARN_UNINITIALIZED_AUTOS = YES_AGGRESSIVE;
				GCC_WARN_UNUSED_FUNCTION = YES;
				GCC_WARN_UNUSED_VARIABLE = YES;
				IPHONEOS_DEPLOYMENT_TARGET = 10.3;
				MTL_ENABLE_DEBUG_INFO = NO;
				SDKROOT = iphoneos;
				SWIFT_OPTIMIZATION_LEVEL = "-Owholemodule";
				VALIDATE_PRODUCT = YES;
			};
			name = Release;
		};
		4293AF501F48B37200D62A84 /* Debug */ = {
			isa = XCBuildConfiguration;
			buildSettings = {
				ASSETCATALOG_COMPILER_APPICON_NAME = AppIcon;
				DEVELOPMENT_TEAM = "";
				INFOPLIST_FILE = JavaScript/Info.plist;
				LD_RUNPATH_SEARCH_PATHS = "$(inherited) @executable_path/Frameworks";
				PRODUCT_BUNDLE_IDENTIFIER = SH.JavaScript;
				PRODUCT_NAME = "$(TARGET_NAME)";
				SWIFT_VERSION = 3.0;
			};
			name = Debug;
		};
		4293AF511F48B37200D62A84 /* Release */ = {
			isa = XCBuildConfiguration;
			buildSettings = {
				ASSETCATALOG_COMPILER_APPICON_NAME = AppIcon;
				DEVELOPMENT_TEAM = "";
				INFOPLIST_FILE = JavaScript/Info.plist;
				LD_RUNPATH_SEARCH_PATHS = "$(inherited) @executable_path/Frameworks";
				PRODUCT_BUNDLE_IDENTIFIER = SH.JavaScript;
				PRODUCT_NAME = "$(TARGET_NAME)";
				SWIFT_VERSION = 3.0;
			};
			name = Release;
		};
		4293AF531F48B37200D62A84 /* Debug */ = {
			isa = XCBuildConfiguration;
			buildSettings = {
				ALWAYS_EMBED_SWIFT_STANDARD_LIBRARIES = YES;
				BUNDLE_LOADER = "$(TEST_HOST)";
				DEVELOPMENT_TEAM = BWWS56KLGP;
				INFOPLIST_FILE = JavaScriptTests/Info.plist;
				LD_RUNPATH_SEARCH_PATHS = "$(inherited) @executable_path/Frameworks @loader_path/Frameworks";
				PRODUCT_BUNDLE_IDENTIFIER = SH.JavaScriptTests;
				PRODUCT_NAME = "$(TARGET_NAME)";
				SWIFT_VERSION = 3.0;
				TEST_HOST = "$(BUILT_PRODUCTS_DIR)/JavaScript.app/JavaScript";
			};
			name = Debug;
		};
		4293AF541F48B37200D62A84 /* Release */ = {
			isa = XCBuildConfiguration;
			buildSettings = {
				ALWAYS_EMBED_SWIFT_STANDARD_LIBRARIES = YES;
				BUNDLE_LOADER = "$(TEST_HOST)";
				DEVELOPMENT_TEAM = BWWS56KLGP;
				INFOPLIST_FILE = JavaScriptTests/Info.plist;
				LD_RUNPATH_SEARCH_PATHS = "$(inherited) @executable_path/Frameworks @loader_path/Frameworks";
				PRODUCT_BUNDLE_IDENTIFIER = SH.JavaScriptTests;
				PRODUCT_NAME = "$(TARGET_NAME)";
				SWIFT_VERSION = 3.0;
				TEST_HOST = "$(BUILT_PRODUCTS_DIR)/JavaScript.app/JavaScript";
			};
			name = Release;
		};
		4293AF561F48B37200D62A84 /* Debug */ = {
			isa = XCBuildConfiguration;
			buildSettings = {
				ALWAYS_EMBED_SWIFT_STANDARD_LIBRARIES = YES;
				DEVELOPMENT_TEAM = BWWS56KLGP;
				INFOPLIST_FILE = JavaScriptUITests/Info.plist;
				LD_RUNPATH_SEARCH_PATHS = "$(inherited) @executable_path/Frameworks @loader_path/Frameworks";
				PRODUCT_BUNDLE_IDENTIFIER = SH.JavaScriptUITests;
				PRODUCT_NAME = "$(TARGET_NAME)";
				SWIFT_VERSION = 3.0;
				TEST_TARGET_NAME = JavaScript;
			};
			name = Debug;
		};
		4293AF571F48B37200D62A84 /* Release */ = {
			isa = XCBuildConfiguration;
			buildSettings = {
				ALWAYS_EMBED_SWIFT_STANDARD_LIBRARIES = YES;
				DEVELOPMENT_TEAM = BWWS56KLGP;
				INFOPLIST_FILE = JavaScriptUITests/Info.plist;
				LD_RUNPATH_SEARCH_PATHS = "$(inherited) @executable_path/Frameworks @loader_path/Frameworks";
				PRODUCT_BUNDLE_IDENTIFIER = SH.JavaScriptUITests;
				PRODUCT_NAME = "$(TARGET_NAME)";
				SWIFT_VERSION = 3.0;
				TEST_TARGET_NAME = JavaScript;
			};
			name = Release;
		};
/* End XCBuildConfiguration section */

/* Begin XCConfigurationList section */
		4293AF221F48B37200D62A84 /* Build configuration list for PBXProject "JavaScript" */ = {
			isa = XCConfigurationList;
			buildConfigurations = (
				4293AF4D1F48B37200D62A84 /* Debug */,
				4293AF4E1F48B37200D62A84 /* Release */,
			);
			defaultConfigurationIsVisible = 0;
			defaultConfigurationName = Release;
		};
		4293AF4F1F48B37200D62A84 /* Build configuration list for PBXNativeTarget "JavaScript" */ = {
			isa = XCConfigurationList;
			buildConfigurations = (
				4293AF501F48B37200D62A84 /* Debug */,
				4293AF511F48B37200D62A84 /* Release */,
			);
			defaultConfigurationIsVisible = 0;
		};
		4293AF521F48B37200D62A84 /* Build configuration list for PBXNativeTarget "JavaScriptTests" */ = {
			isa = XCConfigurationList;
			buildConfigurations = (
				4293AF531F48B37200D62A84 /* Debug */,
				4293AF541F48B37200D62A84 /* Release */,
			);
			defaultConfigurationIsVisible = 0;
		};
		4293AF551F48B37200D62A84 /* Build configuration list for PBXNativeTarget "JavaScriptUITests" */ = {
			isa = XCConfigurationList;
			buildConfigurations = (
				4293AF561F48B37200D62A84 /* Debug */,
				4293AF571F48B37200D62A84 /* Release */,
			);
			defaultConfigurationIsVisible = 0;
		};
/* End XCConfigurationList section */
	};
	rootObject = 4293AF1F1F48B37200D62A84 /* Project object */;
}
