// !$*UTF8*$!
{
	archiveVersion = 1;
	classes = {
	};
	objectVersion = 46;
	objects = {

/* Begin PBXBuildFile section */
		4228E9CA1F43B69D00E6C595 /* AppDelegate.swift in Sources */ = {isa = PBXBuildFile; fileRef = 4228E9C91F43B69D00E6C595 /* AppDelegate.swift */; };
		4228E9CC1F43B69D00E6C595 /* RootViewController.swift in Sources */ = {isa = PBXBuildFile; fileRef = 4228E9CB1F43B69D00E6C595 /* RootViewController.swift */; };
		4228E9CE1F43B69D00E6C595 /* DataViewController.swift in Sources */ = {isa = PBXBuildFile; fileRef = 4228E9CD1F43B69D00E6C595 /* DataViewController.swift */; };
		4228E9D01F43B69D00E6C595 /* ModelController.swift in Sources */ = {isa = PBXBuildFile; fileRef = 4228E9CF1F43B69D00E6C595 /* ModelController.swift */; };
		4228E9D31F43B69D00E6C595 /* Main.storyboard in Resources */ = {isa = PBXBuildFile; fileRef = 4228E9D11F43B69D00E6C595 /* Main.storyboard */; };
		4228E9D51F43B69D00E6C595 /* Assets.xcassets in Resources */ = {isa = PBXBuildFile; fileRef = 4228E9D41F43B69D00E6C595 /* Assets.xcassets */; };
		4228E9D81F43B69D00E6C595 /* LaunchScreen.storyboard in Resources */ = {isa = PBXBuildFile; fileRef = 4228E9D61F43B69D00E6C595 /* LaunchScreen.storyboard */; };
		4228E9E31F43B69D00E6C595 /* PageDemoTests.swift in Sources */ = {isa = PBXBuildFile; fileRef = 4228E9E21F43B69D00E6C595 /* PageDemoTests.swift */; };
		4228E9EE1F43B69D00E6C595 /* PageDemoUITests.swift in Sources */ = {isa = PBXBuildFile; fileRef = 4228E9ED1F43B69D00E6C595 /* PageDemoUITests.swift */; };
/* End PBXBuildFile section */

/* Begin PBXContainerItemProxy section */
		4228E9DF1F43B69D00E6C595 /* PBXContainerItemProxy */ = {
			isa = PBXContainerItemProxy;
			containerPortal = 4228E9BE1F43B69D00E6C595 /* Project object */;
			proxyType = 1;
			remoteGlobalIDString = 4228E9C51F43B69D00E6C595;
			remoteInfo = PageDemo;
		};
		4228E9EA1F43B69D00E6C595 /* PBXContainerItemProxy */ = {
			isa = PBXContainerItemProxy;
			containerPortal = 4228E9BE1F43B69D00E6C595 /* Project object */;
			proxyType = 1;
			remoteGlobalIDString = 4228E9C51F43B69D00E6C595;
			remoteInfo = PageDemo;
		};
/* End PBXContainerItemProxy section */

/* Begin PBXFileReference section */
		4228E9C61F43B69D00E6C595 /* PageDemo.app */ = {isa = PBXFileReference; explicitFileType = wrapper.application; includeInIndex = 0; path = PageDemo.app; sourceTree = BUILT_PRODUCTS_DIR; };
		4228E9C91F43B69D00E6C595 /* AppDelegate.swift */ = {isa = PBXFileReference; lastKnownFileType = sourcecode.swift; path = AppDelegate.swift; sourceTree = "<group>"; };
		4228E9CB1F43B69D00E6C595 /* RootViewController.swift */ = {isa = PBXFileReference; lastKnownFileType = sourcecode.swift; path = RootViewController.swift; sourceTree = "<group>"; };
		4228E9CD1F43B69D00E6C595 /* DataViewController.swift */ = {isa = PBXFileReference; lastKnownFileType = sourcecode.swift; path = DataViewController.swift; sourceTree = "<group>"; };
		4228E9CF1F43B69D00E6C595 /* ModelController.swift */ = {isa = PBXFileReference; lastKnownFileType = sourcecode.swift; path = ModelController.swift; sourceTree = "<group>"; };
		4228E9D21F43B69D00E6C595 /* Base */ = {isa = PBXFileReference; lastKnownFileType = file.storyboard; name = Base; path = Base.lproj/Main.storyboard; sourceTree = "<group>"; };
		4228E9D41F43B69D00E6C595 /* Assets.xcassets */ = {isa = PBXFileReference; lastKnownFileType = folder.assetcatalog; path = Assets.xcassets; sourceTree = "<group>"; };
		4228E9D71F43B69D00E6C595 /* Base */ = {isa = PBXFileReference; lastKnownFileType = file.storyboard; name = Base; path = Base.lproj/LaunchScreen.storyboard; sourceTree = "<group>"; };
		4228E9D91F43B69D00E6C595 /* Info.plist */ = {isa = PBXFileReference; lastKnownFileType = text.plist.xml; path = Info.plist; sourceTree = "<group>"; };
		4228E9DE1F43B69D00E6C595 /* PageDemoTests.xctest */ = {isa = PBXFileReference; explicitFileType = wrapper.cfbundle; includeInIndex = 0; path = PageDemoTests.xctest; sourceTree = BUILT_PRODUCTS_DIR; };
		4228E9E21F43B69D00E6C595 /* PageDemoTests.swift */ = {isa = PBXFileReference; lastKnownFileType = sourcecode.swift; path = PageDemoTests.swift; sourceTree = "<group>"; };
		4228E9E41F43B69D00E6C595 /* Info.plist */ = {isa = PBXFileReference; lastKnownFileType = text.plist.xml; path = Info.plist; sourceTree = "<group>"; };
		4228E9E91F43B69D00E6C595 /* PageDemoUITests.xctest */ = {isa = PBXFileReference; explicitFileType = wrapper.cfbundle; includeInIndex = 0; path = PageDemoUITests.xctest; sourceTree = BUILT_PRODUCTS_DIR; };
		4228E9ED1F43B69D00E6C595 /* PageDemoUITests.swift */ = {isa = PBXFileReference; lastKnownFileType = sourcecode.swift; path = PageDemoUITests.swift; sourceTree = "<group>"; };
		4228E9EF1F43B69D00E6C595 /* Info.plist */ = {isa = PBXFileReference; lastKnownFileType = text.plist.xml; path = Info.plist; sourceTree = "<group>"; };
/* End PBXFileReference section */

/* Begin PBXFrameworksBuildPhase section */
		4228E9C31F43B69D00E6C595 /* Frameworks */ = {
			isa = PBXFrameworksBuildPhase;
			buildActionMask = 2147483647;
			files = (
			);
			runOnlyForDeploymentPostprocessing = 0;
		};
		4228E9DB1F43B69D00E6C595 /* Frameworks */ = {
			isa = PBXFrameworksBuildPhase;
			buildActionMask = 2147483647;
			files = (
			);
			runOnlyForDeploymentPostprocessing = 0;
		};
		4228E9E61F43B69D00E6C595 /* Frameworks */ = {
			isa = PBXFrameworksBuildPhase;
			buildActionMask = 2147483647;
			files = (
			);
			runOnlyForDeploymentPostprocessing = 0;
		};
/* End PBXFrameworksBuildPhase section */

/* Begin PBXGroup section */
		4228E9BD1F43B69D00E6C595 = {
			isa = PBXGroup;
			children = (
				4228E9C81F43B69D00E6C595 /* PageDemo */,
				4228E9E11F43B69D00E6C595 /* PageDemoTests */,
				4228E9EC1F43B69D00E6C595 /* PageDemoUITests */,
				4228E9C71F43B69D00E6C595 /* Products */,
			);
			sourceTree = "<group>";
		};
		4228E9C71F43B69D00E6C595 /* Products */ = {
			isa = PBXGroup;
			children = (
				4228E9C61F43B69D00E6C595 /* PageDemo.app */,
				4228E9DE1F43B69D00E6C595 /* PageDemoTests.xctest */,
				4228E9E91F43B69D00E6C595 /* PageDemoUITests.xctest */,
			);
			name = Products;
			sourceTree = "<group>";
		};
		4228E9C81F43B69D00E6C595 /* PageDemo */ = {
			isa = PBXGroup;
			children = (
				4228E9C91F43B69D00E6C595 /* AppDelegate.swift */,
				4228E9CB1F43B69D00E6C595 /* RootViewController.swift */,
				4228E9CD1F43B69D00E6C595 /* DataViewController.swift */,
				4228E9CF1F43B69D00E6C595 /* ModelController.swift */,
				4228E9D11F43B69D00E6C595 /* Main.storyboard */,
				4228E9D41F43B69D00E6C595 /* Assets.xcassets */,
				4228E9D61F43B69D00E6C595 /* LaunchScreen.storyboard */,
				4228E9D91F43B69D00E6C595 /* Info.plist */,
			);
			path = PageDemo;
			sourceTree = "<group>";
		};
		4228E9E11F43B69D00E6C595 /* PageDemoTests */ = {
			isa = PBXGroup;
			children = (
				4228E9E21F43B69D00E6C595 /* PageDemoTests.swift */,
				4228E9E41F43B69D00E6C595 /* Info.plist */,
			);
			path = PageDemoTests;
			sourceTree = "<group>";
		};
		4228E9EC1F43B69D00E6C595 /* PageDemoUITests */ = {
			isa = PBXGroup;
			children = (
				4228E9ED1F43B69D00E6C595 /* PageDemoUITests.swift */,
				4228E9EF1F43B69D00E6C595 /* Info.plist */,
			);
			path = PageDemoUITests;
			sourceTree = "<group>";
		};
/* End PBXGroup section */

/* Begin PBXNativeTarget section */
		4228E9C51F43B69D00E6C595 /* PageDemo */ = {
			isa = PBXNativeTarget;
			buildConfigurationList = 4228E9F21F43B69D00E6C595 /* Build configuration list for PBXNativeTarget "PageDemo" */;
			buildPhases = (
				4228E9C21F43B69D00E6C595 /* Sources */,
				4228E9C31F43B69D00E6C595 /* Frameworks */,
				4228E9C41F43B69D00E6C595 /* Resources */,
			);
			buildRules = (
			);
			dependencies = (
			);
			name = PageDemo;
			productName = PageDemo;
			productReference = 4228E9C61F43B69D00E6C595 /* PageDemo.app */;
			productType = "com.apple.product-type.application";
		};
		4228E9DD1F43B69D00E6C595 /* PageDemoTests */ = {
			isa = PBXNativeTarget;
			buildConfigurationList = 4228E9F51F43B69D00E6C595 /* Build configuration list for PBXNativeTarget "PageDemoTests" */;
			buildPhases = (
				4228E9DA1F43B69D00E6C595 /* Sources */,
				4228E9DB1F43B69D00E6C595 /* Frameworks */,
				4228E9DC1F43B69D00E6C595 /* Resources */,
			);
			buildRules = (
			);
			dependencies = (
				4228E9E01F43B69D00E6C595 /* PBXTargetDependency */,
			);
			name = PageDemoTests;
			productName = PageDemoTests;
			productReference = 4228E9DE1F43B69D00E6C595 /* PageDemoTests.xctest */;
			productType = "com.apple.product-type.bundle.unit-test";
		};
		4228E9E81F43B69D00E6C595 /* PageDemoUITests */ = {
			isa = PBXNativeTarget;
			buildConfigurationList = 4228E9F81F43B69D00E6C595 /* Build configuration list for PBXNativeTarget "PageDemoUITests" */;
			buildPhases = (
				4228E9E51F43B69D00E6C595 /* Sources */,
				4228E9E61F43B69D00E6C595 /* Frameworks */,
				4228E9E71F43B69D00E6C595 /* Resources */,
			);
			buildRules = (
			);
			dependencies = (
				4228E9EB1F43B69D00E6C595 /* PBXTargetDependency */,
			);
			name = PageDemoUITests;
			productName = PageDemoUITests;
			productReference = 4228E9E91F43B69D00E6C595 /* PageDemoUITests.xctest */;
			productType = "com.apple.product-type.bundle.ui-testing";
		};
/* End PBXNativeTarget section */

/* Begin PBXProject section */
		4228E9BE1F43B69D00E6C595 /* Project object */ = {
			isa = PBXProject;
			attributes = {
				LastSwiftUpdateCheck = 0830;
				LastUpgradeCheck = 0830;
				ORGANIZATIONNAME = "Sergio Huerta";
				TargetAttributes = {
					4228E9C51F43B69D00E6C595 = {
						CreatedOnToolsVersion = 8.3.3;
						ProvisioningStyle = Manual;
					};
					4228E9DD1F43B69D00E6C595 = {
						CreatedOnToolsVersion = 8.3.3;
						DevelopmentTeam = BWWS56KLGP;
						ProvisioningStyle = Automatic;
						TestTargetID = 4228E9C51F43B69D00E6C595;
					};
					4228E9E81F43B69D00E6C595 = {
						CreatedOnToolsVersion = 8.3.3;
						DevelopmentTeam = BWWS56KLGP;
						ProvisioningStyle = Automatic;
						TestTargetID = 4228E9C51F43B69D00E6C595;
					};
				};
			};
			buildConfigurationList = 4228E9C11F43B69D00E6C595 /* Build configuration list for PBXProject "PageDemo" */;
			compatibilityVersion = "Xcode 3.2";
			developmentRegion = English;
			hasScannedForEncodings = 0;
			knownRegions = (
				en,
				Base,
			);
			mainGroup = 4228E9BD1F43B69D00E6C595;
			productRefGroup = 4228E9C71F43B69D00E6C595 /* Products */;
			projectDirPath = "";
			projectRoot = "";
			targets = (
				4228E9C51F43B69D00E6C595 /* PageDemo */,
				4228E9DD1F43B69D00E6C595 /* PageDemoTests */,
				4228E9E81F43B69D00E6C595 /* PageDemoUITests */,
			);
		};
/* End PBXProject section */

/* Begin PBXResourcesBuildPhase section */
		4228E9C41F43B69D00E6C595 /* Resources */ = {
			isa = PBXResourcesBuildPhase;
			buildActionMask = 2147483647;
			files = (
				4228E9D81F43B69D00E6C595 /* LaunchScreen.storyboard in Resources */,
				4228E9D51F43B69D00E6C595 /* Assets.xcassets in Resources */,
				4228E9D31F43B69D00E6C595 /* Main.storyboard in Resources */,
			);
			runOnlyForDeploymentPostprocessing = 0;
		};
		4228E9DC1F43B69D00E6C595 /* Resources */ = {
			isa = PBXResourcesBuildPhase;
			buildActionMask = 2147483647;
			files = (
			);
			runOnlyForDeploymentPostprocessing = 0;
		};
		4228E9E71F43B69D00E6C595 /* Resources */ = {
			isa = PBXResourcesBuildPhase;
			buildActionMask = 2147483647;
			files = (
			);
			runOnlyForDeploymentPostprocessing = 0;
		};
/* End PBXResourcesBuildPhase section */

/* Begin PBXSourcesBuildPhase section */
		4228E9C21F43B69D00E6C595 /* Sources */ = {
			isa = PBXSourcesBuildPhase;
			buildActionMask = 2147483647;
			files = (
				4228E9CC1F43B69D00E6C595 /* RootViewController.swift in Sources */,
				4228E9D01F43B69D00E6C595 /* ModelController.swift in Sources */,
				4228E9CE1F43B69D00E6C595 /* DataViewController.swift in Sources */,
				4228E9CA1F43B69D00E6C595 /* AppDelegate.swift in Sources */,
			);
			runOnlyForDeploymentPostprocessing = 0;
		};
		4228E9DA1F43B69D00E6C595 /* Sources */ = {
			isa = PBXSourcesBuildPhase;
			buildActionMask = 2147483647;
			files = (
				4228E9E31F43B69D00E6C595 /* PageDemoTests.swift in Sources */,
			);
			runOnlyForDeploymentPostprocessing = 0;
		};
		4228E9E51F43B69D00E6C595 /* Sources */ = {
			isa = PBXSourcesBuildPhase;
			buildActionMask = 2147483647;
			files = (
				4228E9EE1F43B69D00E6C595 /* PageDemoUITests.swift in Sources */,
			);
			runOnlyForDeploymentPostprocessing = 0;
		};
/* End PBXSourcesBuildPhase section */

/* Begin PBXTargetDependency section */
		4228E9E01F43B69D00E6C595 /* PBXTargetDependency */ = {
			isa = PBXTargetDependency;
			target = 4228E9C51F43B69D00E6C595 /* PageDemo */;
			targetProxy = 4228E9DF1F43B69D00E6C595 /* PBXContainerItemProxy */;
		};
		4228E9EB1F43B69D00E6C595 /* PBXTargetDependency */ = {
			isa = PBXTargetDependency;
			target = 4228E9C51F43B69D00E6C595 /* PageDemo */;
			targetProxy = 4228E9EA1F43B69D00E6C595 /* PBXContainerItemProxy */;
		};
/* End PBXTargetDependency section */

/* Begin PBXVariantGroup section */
		4228E9D11F43B69D00E6C595 /* Main.storyboard */ = {
			isa = PBXVariantGroup;
			children = (
				4228E9D21F43B69D00E6C595 /* Base */,
			);
			name = Main.storyboard;
			sourceTree = "<group>";
		};
		4228E9D61F43B69D00E6C595 /* LaunchScreen.storyboard */ = {
			isa = PBXVariantGroup;
			children = (
				4228E9D71F43B69D00E6C595 /* Base */,
			);
			name = LaunchScreen.storyboard;
			sourceTree = "<group>";
		};
/* End PBXVariantGroup section */

/* Begin XCBuildConfiguration section */
		4228E9F01F43B69D00E6C595 /* Debug */ = {
			isa = XCBuildConfiguration;
			buildSettings = {
				ALWAYS_SEARCH_USER_PATHS = NO;
				CLANG_ANALYZER_NONNULL = YES;
				CLANG_ANALYZER_NUMBER_OBJECT_CONVERSION = YES_AGGRESSIVE;
				CLANG_CXX_LANGUAGE_STANDARD = "gnu++0x";
				CLANG_CXX_LIBRARY = "libc++";
				CLANG_ENABLE_MODULES = YES;
				CLANG_ENABLE_OBJC_ARC = YES;
				CLANG_WARN_BOOL_CONVERSION = YES;
				CLANG_WARN_CONSTANT_CONVERSION = YES;
				CLANG_WARN_DIRECT_OBJC_ISA_USAGE = YES_ERROR;
				CLANG_WARN_DOCUMENTATION_COMMENTS = YES;
				CLANG_WARN_EMPTY_BODY = YES;
				CLANG_WARN_ENUM_CONVERSION = YES;
				CLANG_WARN_INFINITE_RECURSION = YES;
				CLANG_WARN_INT_CONVERSION = YES;
				CLANG_WARN_OBJC_ROOT_CLASS = YES_ERROR;
				CLANG_WARN_SUSPICIOUS_MOVE = YES;
				CLANG_WARN_UNREACHABLE_CODE = YES;
				CLANG_WARN__DUPLICATE_METHOD_MATCH = YES;
				"CODE_SIGN_IDENTITY[sdk=iphoneos*]" = "iPhone Developer";
				COPY_PHASE_STRIP = NO;
				DEBUG_INFORMATION_FORMAT = dwarf;
				ENABLE_STRICT_OBJC_MSGSEND = YES;
				ENABLE_TESTABILITY = YES;
				GCC_C_LANGUAGE_STANDARD = gnu99;
				GCC_DYNAMIC_NO_PIC = NO;
				GCC_NO_COMMON_BLOCKS = YES;
				GCC_OPTIMIZATION_LEVEL = 0;
				GCC_PREPROCESSOR_DEFINITIONS = (
					"DEBUG=1",
					"$(inherited)",
				);
				GCC_WARN_64_TO_32_BIT_CONVERSION = YES;
				GCC_WARN_ABOUT_RETURN_TYPE = YES_ERROR;
				GCC_WARN_UNDECLARED_SELECTOR = YES;
				GCC_WARN_UNINITIALIZED_AUTOS = YES_AGGRESSIVE;
				GCC_WARN_UNUSED_FUNCTION = YES;
				GCC_WARN_UNUSED_VARIABLE = YES;
				IPHONEOS_DEPLOYMENT_TARGET = 10.3;
				MTL_ENABLE_DEBUG_INFO = YES;
				ONLY_ACTIVE_ARCH = YES;
				SDKROOT = iphoneos;
				SWIFT_ACTIVE_COMPILATION_CONDITIONS = DEBUG;
				SWIFT_OPTIMIZATION_LEVEL = "-Onone";
				TARGETED_DEVICE_FAMILY = "1,2";
			};
			name = Debug;
		};
		4228E9F11F43B69D00E6C595 /* Release */ = {
			isa = XCBuildConfiguration;
			buildSettings = {
				ALWAYS_SEARCH_USER_PATHS = NO;
				CLANG_ANALYZER_NONNULL = YES;
				CLANG_ANALYZER_NUMBER_OBJECT_CONVERSION = YES_AGGRESSIVE;
				CLANG_CXX_LANGUAGE_STANDARD = "gnu++0x";
				CLANG_CXX_LIBRARY = "libc++";
				CLANG_ENABLE_MODULES = YES;
				CLANG_ENABLE_OBJC_ARC = YES;
				CLANG_WARN_BOOL_CONVERSION = YES;
				CLANG_WARN_CONSTANT_CONVERSION = YES;
				CLANG_WARN_DIRECT_OBJC_ISA_USAGE = YES_ERROR;
				CLANG_WARN_DOCUMENTATION_COMMENTS = YES;
				CLANG_WARN_EMPTY_BODY = YES;
				CLANG_WARN_ENUM_CONVERSION = YES;
				CLANG_WARN_INFINITE_RECURSION = YES;
				CLANG_WARN_INT_CONVERSION = YES;
				CLANG_WARN_OBJC_ROOT_CLASS = YES_ERROR;
				CLANG_WARN_SUSPICIOUS_MOVE = YES;
				CLANG_WARN_UNREACHABLE_CODE = YES;
				CLANG_WARN__DUPLICATE_METHOD_MATCH = YES;
				"CODE_SIGN_IDENTITY[sdk=iphoneos*]" = "iPhone Developer";
				COPY_PHASE_STRIP = NO;
				DEBUG_INFORMATION_FORMAT = "dwarf-with-dsym";
				ENABLE_NS_ASSERTIONS = NO;
				ENABLE_STRICT_OBJC_MSGSEND = YES;
				GCC_C_LANGUAGE_STANDARD = gnu99;
				GCC_NO_COMMON_BLOCKS = YES;
				GCC_WARN_64_TO_32_BIT_CONVERSION = YES;
				GCC_WARN_ABOUT_RETURN_TYPE = YES_ERROR;
				GCC_WARN_UNDECLARED_SELECTOR = YES;
				GCC_WARN_UNINITIALIZED_AUTOS = YES_AGGRESSIVE;
				GCC_WARN_UNUSED_FUNCTION = YES;
				GCC_WARN_UNUSED_VARIABLE = YES;
				IPHONEOS_DEPLOYMENT_TARGET = 10.3;
				MTL_ENABLE_DEBUG_INFO = NO;
				SDKROOT = iphoneos;
				SWIFT_OPTIMIZATION_LEVEL = "-Owholemodule";
				TARGETED_DEVICE_FAMILY = "1,2";
				VALIDATE_PRODUCT = YES;
			};
			name = Release;
		};
		4228E9F31F43B69D00E6C595 /* Debug */ = {
			isa = XCBuildConfiguration;
			buildSettings = {
				ASSETCATALOG_COMPILER_APPICON_NAME = AppIcon;
				DEVELOPMENT_TEAM = "";
				INFOPLIST_FILE = PageDemo/Info.plist;
				LD_RUNPATH_SEARCH_PATHS = "$(inherited) @executable_path/Frameworks";
				PRODUCT_BUNDLE_IDENTIFIER = SH.PageDemo;
				PRODUCT_NAME = "$(TARGET_NAME)";
				PROVISIONING_PROFILE_SPECIFIER = "";
				SWIFT_VERSION = 3.0;
			};
			name = Debug;
		};
		4228E9F41F43B69D00E6C595 /* Release */ = {
			isa = XCBuildConfiguration;
			buildSettings = {
				ASSETCATALOG_COMPILER_APPICON_NAME = AppIcon;
				DEVELOPMENT_TEAM = "";
				INFOPLIST_FILE = PageDemo/Info.plist;
				LD_RUNPATH_SEARCH_PATHS = "$(inherited) @executable_path/Frameworks";
				PRODUCT_BUNDLE_IDENTIFIER = SH.PageDemo;
				PRODUCT_NAME = "$(TARGET_NAME)";
				PROVISIONING_PROFILE_SPECIFIER = "";
				SWIFT_VERSION = 3.0;
			};
			name = Release;
		};
		4228E9F61F43B69D00E6C595 /* Debug */ = {
			isa = XCBuildConfiguration;
			buildSettings = {
				ALWAYS_EMBED_SWIFT_STANDARD_LIBRARIES = YES;
				BUNDLE_LOADER = "$(TEST_HOST)";
				DEVELOPMENT_TEAM = BWWS56KLGP;
				INFOPLIST_FILE = PageDemoTests/Info.plist;
				LD_RUNPATH_SEARCH_PATHS = "$(inherited) @executable_path/Frameworks @loader_path/Frameworks";
				PRODUCT_BUNDLE_IDENTIFIER = SH.PageDemoTests;
				PRODUCT_NAME = "$(TARGET_NAME)";
				SWIFT_VERSION = 3.0;
				TEST_HOST = "$(BUILT_PRODUCTS_DIR)/PageDemo.app/PageDemo";
			};
			name = Debug;
		};
		4228E9F71F43B69D00E6C595 /* Release */ = {
			isa = XCBuildConfiguration;
			buildSettings = {
				ALWAYS_EMBED_SWIFT_STANDARD_LIBRARIES = YES;
				BUNDLE_LOADER = "$(TEST_HOST)";
				DEVELOPMENT_TEAM = BWWS56KLGP;
				INFOPLIST_FILE = PageDemoTests/Info.plist;
				LD_RUNPATH_SEARCH_PATHS = "$(inherited) @executable_path/Frameworks @loader_path/Frameworks";
				PRODUCT_BUNDLE_IDENTIFIER = SH.PageDemoTests;
				PRODUCT_NAME = "$(TARGET_NAME)";
				SWIFT_VERSION = 3.0;
				TEST_HOST = "$(BUILT_PRODUCTS_DIR)/PageDemo.app/PageDemo";
			};
			name = Release;
		};
		4228E9F91F43B69D00E6C595 /* Debug */ = {
			isa = XCBuildConfiguration;
			buildSettings = {
				ALWAYS_EMBED_SWIFT_STANDARD_LIBRARIES = YES;
				DEVELOPMENT_TEAM = BWWS56KLGP;
				INFOPLIST_FILE = PageDemoUITests/Info.plist;
				LD_RUNPATH_SEARCH_PATHS = "$(inherited) @executable_path/Frameworks @loader_path/Frameworks";
				PRODUCT_BUNDLE_IDENTIFIER = SH.PageDemoUITests;
				PRODUCT_NAME = "$(TARGET_NAME)";
				SWIFT_VERSION = 3.0;
				TEST_TARGET_NAME = PageDemo;
			};
			name = Debug;
		};
		4228E9FA1F43B69D00E6C595 /* Release */ = {
			isa = XCBuildConfiguration;
			buildSettings = {
				ALWAYS_EMBED_SWIFT_STANDARD_LIBRARIES = YES;
				DEVELOPMENT_TEAM = BWWS56KLGP;
				INFOPLIST_FILE = PageDemoUITests/Info.plist;
				LD_RUNPATH_SEARCH_PATHS = "$(inherited) @executable_path/Frameworks @loader_path/Frameworks";
				PRODUCT_BUNDLE_IDENTIFIER = SH.PageDemoUITests;
				PRODUCT_NAME = "$(TARGET_NAME)";
				SWIFT_VERSION = 3.0;
				TEST_TARGET_NAME = PageDemo;
			};
			name = Release;
		};
/* End XCBuildConfiguration section */

/* Begin XCConfigurationList section */
		4228E9C11F43B69D00E6C595 /* Build configuration list for PBXProject "PageDemo" */ = {
			isa = XCConfigurationList;
			buildConfigurations = (
				4228E9F01F43B69D00E6C595 /* Debug */,
				4228E9F11F43B69D00E6C595 /* Release */,
			);
			defaultConfigurationIsVisible = 0;
			defaultConfigurationName = Release;
		};
		4228E9F21F43B69D00E6C595 /* Build configuration list for PBXNativeTarget "PageDemo" */ = {
			isa = XCConfigurationList;
			buildConfigurations = (
				4228E9F31F43B69D00E6C595 /* Debug */,
				4228E9F41F43B69D00E6C595 /* Release */,
			);
			defaultConfigurationIsVisible = 0;
		};
		4228E9F51F43B69D00E6C595 /* Build configuration list for PBXNativeTarget "PageDemoTests" */ = {
			isa = XCConfigurationList;
			buildConfigurations = (
				4228E9F61F43B69D00E6C595 /* Debug */,
				4228E9F71F43B69D00E6C595 /* Release */,
			);
			defaultConfigurationIsVisible = 0;
		};
		4228E9F81F43B69D00E6C595 /* Build configuration list for PBXNativeTarget "PageDemoUITests" */ = {
			isa = XCConfigurationList;
			buildConfigurations = (
				4228E9F91F43B69D00E6C595 /* Debug */,
				4228E9FA1F43B69D00E6C595 /* Release */,
			);
			defaultConfigurationIsVisible = 0;
		};
/* End XCConfigurationList section */
	};
	rootObject = 4228E9BE1F43B69D00E6C595 /* Project object */;
}
